%{"bunt": {:hex, :bunt, "0.1.6", "5d95a6882f73f3b9969fdfd1953798046664e6f77ec4e486e6fafc7caad97c6f", [:mix], []},
  "connection": {:hex, :connection, "1.0.4", "a1cae72211f0eef17705aaededacac3eb30e6625b04a6117c1b2db6ace7d5976", [:mix], []},
  "credo": {:hex, :credo, "0.4.11", "03a64e9d53309b7132556284dda0be57ba1013885725124cfea7748d740c6170", [:mix], [{:bunt, "~> 0.1.6", [hex: :bunt, optional: false]}]},
  "db_connection": {:hex, :db_connection, "1.0.0-rc.5", "1d9ab6e01387bdf2de7a16c56866971f7c2f75aea7c69cae2a0346e4b537ae0d", [:mix], [{:connection, "~> 1.0.2", [hex: :connection, optional: false]}, {:poolboy, "~> 1.5", [hex: :poolboy, optional: true]}, {:sbroker, "~> 1.0.0-beta.3", [hex: :sbroker, optional: true]}]},
  "decimal": {:hex, :decimal, "1.1.2", "79a769d4657b2d537b51ef3c02d29ab7141d2b486b516c109642d453ee08e00c", [:mix], []},
  "dialyxir": {:hex, :dialyxir, "0.3.5", "eaba092549e044c76f83165978979f60110dc58dd5b92fd952bf2312f64e9b14", [:mix], []},
  "ecto": {:hex, :ecto, "2.0.5", "7f4c79ac41ffba1a4c032b69d7045489f0069c256de606523c65d9f8188e502d", [:mix], [{:db_connection, "~> 1.0-rc.4", [hex: :db_connection, optional: true]}, {:decimal, "~> 1.1.2 or ~> 1.2", [hex: :decimal, optional: false]}, {:mariaex, "~> 0.7.7", [hex: :mariaex, optional: true]}, {:poison, "~> 1.5 or ~> 2.0", [hex: :poison, optional: true]}, {:poolboy, "~> 1.5", [hex: :poolboy, optional: false]}, {:postgrex, "~> 0.12.0", [hex: :postgrex, optional: true]}, {:sbroker, "~> 1.0-beta", [hex: :sbroker, optional: true]}]},
  "eredis": {:hex, :eredis, "1.0.8", "ab4fda1c4ba7fbe6c19c26c249dc13da916d762502c4b4fa2df401a8d51c5364", [:rebar], []},
  "erlguten": {:git, "https://github.com/hwatkins/erlguten.git", "ec248a63d338c91ff4c4923e31388944383ee3e7", [branch: "master"]},
  "exredis": {:hex, :exredis, "0.2.5", "34d02fa9ef32174cbd790b166746f91b3dbc131ce37a2d9a2451e8bba164b423", [:mix], [{:eredis, ">= 1.0.8", [hex: :eredis, optional: false]}]},
  "poolboy": {:hex, :poolboy, "1.5.1", "6b46163901cfd0a1b43d692657ed9d7e599853b3b21b95ae5ae0a777cf9b6ca8", [:rebar], []},
  "porcelain": {:hex, :porcelain, "2.0.2", "c1d4863de3e391195e36457bb3d7e17ee1bca5a44f1d708bc037c313342f58e9", [:mix], []},
  "postgrex": {:hex, :postgrex, "0.12.0", "bdeeb4c42768c47c3c92228e66c70357fe9a9384fbc9de06abba774b22dd0635", [:mix], [{:connection, "~> 1.0", [hex: :connection, optional: false]}, {:db_connection, "~> 1.0-rc.4", [hex: :db_connection, optional: false]}, {:decimal, "~> 1.0", [hex: :decimal, optional: false]}]},
  "toniq": {:hex, :toniq, "1.1.0", "c032e3b17aa52b75ca13b123865237d25be37d3386aa12be82625b0343d6af8d", [:mix], [{:exredis, ">= 0.1.1", [hex: :exredis, optional: false]}, {:uuid, "~> 1.0", [hex: :uuid, optional: false]}]},
  "uuid": {:hex, :uuid, "1.1.4", "36c7734e4c8e357f2f67ba57fb61799d60c20a7f817b104896cca64b857e3686", [:mix], []},
  "zarex": {:hex, :zarex, "0.3.0", "e19145de2127671f3d3f4bdb6bb60a0d70830836a01a79ba63428a5bbe3a16e0", [:mix], []}}
